
Microsoft Visual Studio Solution File, Format Version 12.00
# Visual Studio Version 17
VisualStudioVersion = 17.7.34031.279
MinimumVisualStudioVersion = 10.0.40219.1
Project("{FAE04EC0-301F-11D3-BF4B-00C04F79EFBC}") = "Draftsteel Colossus", "Draftsteel Colossus.csproj", "{50CDB714-74A6-482C-9485-EA0354AA19D6}"
EndProject
Global
	GlobalSection(SolutionConfigurationPlatforms) = preSolution
		Debug|Any CPU = Debug|Any CPU
		Release|Any CPU = Release|Any CPU
	EndGlobalSection
	GlobalSection(ProjectConfigurationPlatforms) = postSolution
		{50CDB714-74A6-482C-9485-EA0354AA19D6}.Debug|Any CPU.ActiveCfg = Debug|Any CPU
		{50CDB714-74A6-482C-9485-EA0354AA19D6}.Debug|Any CPU.Build.0 = Debug|Any CPU
		{50CDB714-74A6-482C-9485-EA0354AA19D6}.Release|Any CPU.ActiveCfg = Release|Any CPU
		{50CDB714-74A6-482C-9485-EA0354AA19D6}.Release|Any CPU.Build.0 = Release|Any CPU
	EndGlobalSection
	GlobalSection(SolutionProperties) = preSolution
		HideSolutionNode = FALSE
	EndGlobalSection
	GlobalSection(ExtensibilityGlobals) = postSolution
		SolutionGuid = {8C09C16E-C88A-471E-9ED3-D29FD0334B9A}
	EndGlobalSection
EndGlobal
